
Microsoft Visual Studio Solution File, Format Version 12.00
# Visual Studio Version 17
VisualStudioVersion = 17.6.33815.320
MinimumVisualStudioVersion = 10.0.40219.1
Project("{FAE04EC0-301F-11D3-BF4B-00C04F79EFBC}") = "Employee Hierarchy using Abstract Class", "Employee Hierarchy using Abstract Class.csproj", "{90A7FAF1-3A06-4566-980A-2C9805E709C0}"
EndProject
Global
	GlobalSection(SolutionConfigurationPlatforms) = preSolution
		Debug|Any CPU = Debug|Any CPU
		Release|Any CPU = Release|Any CPU
	EndGlobalSection
	GlobalSection(ProjectConfigurationPlatforms) = postSolution
		{90A7FAF1-3A06-4566-980A-2C9805E709C0}.Debug|Any CPU.ActiveCfg = Debug|Any CPU
		{90A7FAF1-3A06-4566-980A-2C9805E709C0}.Debug|Any CPU.Build.0 = Debug|Any CPU
		{90A7FAF1-3A06-4566-980A-2C9805E709C0}.Release|Any CPU.ActiveCfg = Release|Any CPU
		{90A7FAF1-3A06-4566-980A-2C9805E709C0}.Release|Any CPU.Build.0 = Release|Any CPU
	EndGlobalSection
	GlobalSection(SolutionProperties) = preSolution
		HideSolutionNode = FALSE
	EndGlobalSection
	GlobalSection(ExtensibilityGlobals) = postSolution
		SolutionGuid = {ECCA1E55-EA19-4347-B972-96BC582D687C}
	EndGlobalSection
EndGlobal
